{
  "version": 4,
  "terraform_version": "1.3.7",
  "serial": 92,
  "lineage": "bb64b703-74c2-ba7e-96cb-517e93e921fc",
  "outputs": {
    "ecr-url": {
      "value": "380295710645.dkr.ecr.us-east-1.amazonaws.com",
      "type": "string"
    }
  },
  "resources": [
    {
      "mode": "data",
      "type": "aws_ami",
      "name": "latest_amazon_linux",
      "provider": "provider[\"registry.terraform.io/hashicorp/aws\"]",
      "instances": [
        {
          "schema_version": 0,
          "attributes": {
            "architecture": "x86_64",
            "arn": "arn:aws:ec2:us-east-1::image/ami-007868005aea67c54",
            "block_device_mappings": [
              {
                "device_name": "/dev/xvda",
                "ebs": {
                  "delete_on_termination": "true",
                  "encrypted": "false",
                  "iops": "0",
                  "snapshot_id": "snap-023cfd0d04c4543c4",
                  "throughput": "0",
                  "volume_size": "8",
                  "volume_type": "gp2"
                },
                "no_device": "",
                "virtual_name": ""
              }
            ],
            "boot_mode": "",
            "creation_date": "2023-01-25T17:10:05.000Z",
            "deprecation_time": "2025-01-25T17:10:05.000Z",
            "description": "Amazon Linux 2 AMI 2.0.20230119.1 x86_64 HVM gp2",
            "ena_support": true,
            "executable_users": null,
            "filter": [
              {
                "name": "name",
                "values": [
                  "amzn2-ami-hvm-*-x86_64-gp2"
                ]
              }
            ],
            "hypervisor": "xen",
            "id": "ami-007868005aea67c54",
            "image_id": "ami-007868005aea67c54",
            "image_location": "amazon/amzn2-ami-hvm-2.0.20230119.1-x86_64-gp2",
            "image_owner_alias": "amazon",
            "image_type": "machine",
            "imds_support": "",
            "include_deprecated": false,
            "kernel_id": "",
            "most_recent": true,
            "name": "amzn2-ami-hvm-2.0.20230119.1-x86_64-gp2",
            "name_regex": null,
            "owner_id": "137112412989",
            "owners": [
              "amazon"
            ],
            "platform": "",
            "platform_details": "Linux/UNIX",
            "product_codes": [],
            "public": true,
            "ramdisk_id": "",
            "root_device_name": "/dev/xvda",
            "root_device_type": "ebs",
            "root_snapshot_id": "snap-023cfd0d04c4543c4",
            "sriov_net_support": "simple",
            "state": "available",
            "state_reason": {
              "code": "UNSET",
              "message": "UNSET"
            },
            "tags": {},
            "timeouts": null,
            "tpm_support": "",
            "usage_operation": "RunInstances",
            "virtualization_type": "hvm"
          },
          "sensitive_attributes": []
        }
      ]
    },
    {
      "mode": "data",
      "type": "aws_availability_zones",
      "name": "available",
      "provider": "provider[\"registry.terraform.io/hashicorp/aws\"]",
      "instances": [
        {
          "schema_version": 0,
          "attributes": {
            "all_availability_zones": null,
            "exclude_names": null,
            "exclude_zone_ids": null,
            "filter": null,
            "group_names": [
              "us-east-1"
            ],
            "id": "us-east-1",
            "names": [
              "us-east-1a",
              "us-east-1b",
              "us-east-1c",
              "us-east-1d",
              "us-east-1e",
              "us-east-1f"
            ],
            "state": "available",
            "timeouts": null,
            "zone_ids": [
              "use1-az2",
              "use1-az4",
              "use1-az6",
              "use1-az1",
              "use1-az3",
              "use1-az5"
            ]
          },
          "sensitive_attributes": []
        }
      ]
    },
    {
      "mode": "data",
      "type": "aws_caller_identity",
      "name": "current",
      "provider": "provider[\"registry.terraform.io/hashicorp/aws\"]",
      "instances": [
        {
          "schema_version": 0,
          "attributes": {
            "account_id": "380295710645",
            "arn": "arn:aws:sts::380295710645:assumed-role/voclabs/user2159565=pmartin6@myseneca.ca",
            "id": "380295710645",
            "user_id": "AROAVRC3EA62S2LHQ2ZWF:user2159565=pmartin6@myseneca.ca"
          },
          "sensitive_attributes": []
        }
      ]
    },
    {
      "mode": "data",
      "type": "aws_ecr_authorization_token",
      "name": "token",
      "provider": "provider[\"registry.terraform.io/hashicorp/aws\"]",
      "instances": [
        {
          "schema_version": 0,
          "attributes": {
            "authorization_token": "QVdTOmV5SndZWGxzYjJGa0lqb2liWE5zYjB0UmRWQkJVVzVPTjJkcFNYZE5WWFJCVldkSlozTklRM0JNUW1OU01tTkNTR012UVZKdGJGUnRZVk5QZFZaNVZqUTRibTgzYms5V1JsbFlXalYxTjJ0cE5saElMMjlGWW1sWVRXMXlZbEJMU1hGNFQyTm1iM3BsYVV0Uk1GQlRlakpFTDA5R0syVnNSSFExYXpsUlRYZzBkM1puWVdKTFpURXlVVlJ3Y21KWk1VaHNhMWRyY1dzNU5URlVPR3BsZGpKeWVsQnZXRXQ0ZUdOWWNIWnNSWFpPS3pCd2EyazNUbEJKVDFJeWEwNVBORXRYTVdObllsZFRiM2h6WVc5RGVHTkpiV3RFWTAxSVMxRjFRMnhoZDFKNVN6UktSV292Yms1WFJXUTJSMWgyZFZwbVRqQmFiMFZHVUdSblVYWjRNU3RxUmpSVmRpdFdPRzgzUVRsSWRVVnFWSGhOWmpFMldrcHBRMDQxSzIxRFdIaHVaMUZPZVhsRFkzSnRPVVExZVVWd1FVdFdUamxKUW5KSWNqaG5SR1l5V21wTVRpdFNTblJrVFZKaGRHOVZhVkYzUmtKdlQwOWtOWGRpVGsxWGIxTTBTMVpKWVVaamVtSnpaekpVYW1oS0swRjNVRWQwUTJaMmJIZDFaWGxJYkRKcGIxQTBZMlYyVEdrd05UWnhaM1J5ZG5rNVJGUkJiSHBuT0hScllXMDJPRmRsVDFWMlRraERWbVlyUlZaT2VFZEVLM292YTBWWEwwVTBURXB3VVdGUE1qTkxRMWd4V25CV2MwaDZhaXRKVG5oTmRUQjNRV0pxVEc1cU5VMXpXSEk1Y0RjNE9FZFpiVFJVYkZSTk1rdFNUaXMyTjFGSU9YRXlWblF6VDFoUlkwSTBRV1k1ZG1Gdk9IWjFRVk5YVW5OWVRtbENNMFozWWxkVFVEbEtiWEpVTjJacWVHeHdVMjlsYW01blZtSlVUblF2U25WRVRYZHhkVlZvTlhFMU4wWnBWSFp2YVhGdWVreGtVbTFrUzNOaVJuQlJhR05DSzFSMVkwUlBlRXBqZWtsbVFYVTRibFJ4WW5sbWNtVjNZbVpoVmpJelQydEJkbkpXZEZoclFuZFFMMkV6UjBaaVNUUkxhRzByU0hCSVVtUjZRVVEzVFhCMFVGZzVMMmh3WjJKc1EwMVJOU3R4VkZocE1HbElVVTVaYjB4bE5ESXZiemwwU0dkMlMyaHBUV3BrVHl0VFJHczBWbUkzVDFSSVdubEpOa1ZUVjI5TVJDdElSVnB6UjNKRmVtZHJkeXNyWmtsbGFXdE5ZMGhPWW5CbVZUaGFlRmgwYUhrNVNEZExOWGRTUW05b1UwUTRWME0wYzI1alNqazVka2hZUzFCSmRsbEJlR1p2YmpSb2QwbFRVa1EwUzIxcGNXRktNMjFsTVVsa1ZYQlZaR0YzZEVWalRHdDZWMVIwTVdwQmRHSjNUMjlZVVVoamQzRXlUMUpSVGtGSGRYRnNaM1JYTjFWU1FVSnNVRkk0SzNRd1JtUnBTbWxGZW1GS0t6VjJOblJZU21Sc2RFNVdXbVJ0VEVwaWJEVjBkWE5IZWtaT2JtUnhSVlZCWVN0NGN6VmxRbTUxTkdOaVlqRmlUazVQYm5WamNrcElNbVZ3SzNBMmR6QjJaR1ZKVFVsd2VIRXlUM3A1VjBkallXZEdkMUowVG1KTlNreGxNamhPYW1rM09ITXdkMU5rWTJaalJVa3dWVlJrZG5FMlozbFNNMjB5YnpFeVMyWklPVTlITjIxUFozRmpiV3huVFc5aWJpOXBNekZRWlhZMldFTkNRMWRpU0dKc1ZIZ3JibTFRVEV4eGFtbGFRa2xuWmxsUGJVMVNibTVLZERaamRqaHhlbVp6WW5GSVUyb3pOVVJFYVUxbGMzaDJPRE5UVkZWTE5HSXhRbWRqVVhCQ09YWjZWbVJGV1VweVZrbERhVEpRUTNFd05FZ3ZXRXBuWkVob1RXWklkRE5XZWxwME5GbHlNRzFtUVUxVUsyMXFSRkExWTI5UFZWbGthV2syTVVGcmJUQlRjaklyZURRemVqTTJVR2hUYkdaVU5qVTFhMU5EV0dkWFoySkNXRWRNTkZSdU4yNDRXbGRCWlVvMmIxTkhRMjFRWW5jMFkwRnJURE5MUTBkNFdVaHdLM0J6YUU1dFdWUmlRbVZCVkhNeU9XOVlRV3R1ZW1acU1IWnpSV1oxVm05NlRYbEllWGQ1TW0xMVduQjJSMUpxT0hwYVFrVTRiMmhVWjJJcmNtaEljV28yVW1selJrSnBOWGRDTVV4bk5HaDNiekE0VVVwU1pUTlFOVk5yWlZaNlVHeDZRME5JU2s4NVIyaHFNalEwWjBaV04xTnVkQzkzVm5aWk1VSkdXRmhXUkZCWGF6ZE1hVTQxUnpVek56VXdibk5yVEc0eUt6VmtTM1F2YkRnemQzUTNXSEF4VGxoRk5IWlpkMk5IWjNCSmJrOVFhVzB3UVV0UFpYRXJXRTR2WkRJd1psTnZkV281VjFad1FqUjNZa2NyZUdaMVEyRldORFJrWlRSWVIwOXVXRVUxU1dad04wUTFiMk5GTVV4S1dHMTViMHh4WVVGS2J5ODJPRWs0TUcwNWRHVXlXR3MyZDI5aWJ6SXZWRUo1WWtZclZrRlRRMEpXTDBSSlYyMTRaSEZEVVcxcE1sSmhVVUpWYkU5VlFuSnJhbVI1YzFwRFRHNXhZMlpqVlUxSGExVTVTRE15TTBGTVVteFhVMVphZUdSak5TdHRaM1Y2WmxKVmRURjRZMWMzVmtJeWNYQkhPVEpKYVdsck9UTndVbVZTTkhSTVRHbFFSbmwzY1RnOUlpd2laR0YwWVd0bGVTSTZJa0ZSUlVKQlNHaDNiVEJaWVVsVFNtVlNkRXB0Tlc0eFJ6WjFjV1ZsYTFoMWIxaFlVR1UxVlVaalpUbFNjVGd2TVRSM1FVRkJTRFIzWmtGWlNrdHZXa2xvZG1OT1FWRmpSMjlIT0hkaVVVbENRVVJDYjBKbmEzRm9hMmxIT1hjd1FrSjNSWGRJWjFsS1dVbGFTVUZYVlVSQ1FVVjFUVUpGUlVSR2JEZzNTV2sxVkhablZEbG9TMGc1WjBsQ1JVbEJOMlYyYkdoUlNtaFVSU3RMUTBsNGFsTXlWVWd2Y2tGSlNtRTVTa2RHWTFscVkwSldZemM0THpaYWFXbEJWVmw1V0ZoaVZ5dEhhSGRCY1V4RU0wbGFRMEZuYjNsc1Uyb3hWMHRwWVZCMVYxRTlJaXdpZG1WeWMybHZiaUk2SWpJaUxDSjBlWEJsSWpvaVJFRlVRVjlMUlZraUxDSmxlSEJwY21GMGFXOXVJam94TmpjMU5qQTJOVGMxZlE9PQ==",
            "expires_at": "2023-02-05T14:16:15Z",
            "id": "us-east-1",
            "password": "eyJwYXlsb2FkIjoibXNsb0tRdVBBUW5ON2dpSXdNVXRBVWdJZ3NIQ3BMQmNSMmNCSGMvQVJtbFRtYVNPdVZ5VjQ4bm83bk9WRllYWjV1N2tpNlhIL29FYmlYTW1yYlBLSXF4T2Nmb3plaUtRMFBTejJEL09GK2VsRHQ1azlRTXg0d3ZnYWJLZTEyUVRwcmJZMUhsa1drcWs5NTFUOGpldjJyelBvWEt4eGNYcHZsRXZOKzBwa2k3TlBJT1Iya05PNEtXMWNnYldTb3hzYW9DeGNJbWtEY01IS1F1Q2xhd1J5SzRKRWovbk5XRWQ2R1h2dVpmTjBab0VGUGRnUXZ4MStqRjRVditWOG83QTlIdUVqVHhNZjE2WkppQ041K21DWHhuZ1FOeXlDY3JtOUQ1eUVwQUtWTjlJQnJIcjhnRGYyWmpMTitSSnRkTVJhdG9VaVF3RkJvT09kNXdiTk1Xb1M0S1ZJYUZjemJzZzJUamhKK0F3UEd0Q2Z2bHd1ZXlIbDJpb1A0Y2V2TGkwNTZxZ3Rydnk5RFRBbHpnOHRrYW02OFdlT1V2TkhDVmYrRVZOeEdEK3ova0VXL0U0TEpwUWFPMjNLQ1gxWnBWc0h6aitJTnhNdTB3QWJqTG5qNU1zWHI5cDc4OEdZbTRUbFRNMktSTis2N1FIOXEyVnQzT1hRY0I0QWY5dmFvOHZ1QVNXUnNYTmlCM0Z3YldTUDlKbXJUN2ZqeGxwU29lam5nVmJUTnQvSnVETXdxdVVoNXE1N0ZpVHZvaXFuekxkUm1kS3NiRnBRaGNCK1R1Y0RPeEpjeklmQXU4blRxYnlmcmV3YmZhVjIzT2tBdnJWdFhrQndQL2EzR0ZiSTRLaG0rSHBIUmR6QUQ3TXB0UFg5L2hwZ2JsQ01RNStxVFhpMGlIUU5Zb0xlNDIvbzl0SGd2S2hpTWpkTytTRGs0VmI3T1RIWnlJNkVTV29MRCtIRVpzR3JFemdrdysrZkllaWtNY0hOYnBmVThaeFh0aHk5SDdLNXdSQm9oU0Q4V0M0c25jSjk5dkhYS1BJdllBeGZvbjRod0lTUkQ0S21pcWFKM21lMUlkVXBVZGF3dEVjTGt6V1R0MWpBdGJ3T29YUUhjd3EyT1JRTkFHdXFsZ3RXN1VSQUJsUFI4K3QwRmRpSmlFemFKKzV2NnRYSmRsdE5WWmRtTEpibDV0dXNHekZObmRxRVVBYSt4czVlQm51NGNiYjFiTk5PbnVjckpIMmVwK3A2dzB2ZGVJTUlweHEyT3p5V0djYWdGd1J0TmJNSkxlMjhOamk3OHMwd1NkY2ZjRUkwVVRkdnE2Z3lSM20ybzEyS2ZIOU9HN21PZ3FjbWxnTW9ibi9pMzFQZXY2WENCQ1diSGJsVHgrbm1QTExxamlaQklnZllPbU1Sbm5KdDZjdjhxemZzYnFIU2ozNUREaU1lc3h2ODNTVFVLNGIxQmdjUXBCOXZ6VmRFWUpyVklDaTJQQ3EwNEgvWEpnZEhoTWZIdDNWelp0NFlyMG1mQU1UK21qRFA1Y29PVVlkaWk2MUFrbTBTcjIreDQzejM2UGhTbGZUNjU1a1NDWGdXZ2JCWEdMNFRuN244WldBZUo2b1NHQ21QYnc0Y0FrTDNLQ0d4WUhwK3BzaE5tWVRiQmVBVHMyOW9YQWtuemZqMHZzRWZ1Vm96TXlIeXd5Mm11WnB2R1JqOHpaQkU4b2hUZ2IrcmhIcWo2UmlzRkJpNXdCMUxnNGh3bzA4UUpSZTNQNVNrZVZ6UGx6Q0NISk85R2hqMjQ0Z0ZWN1NudC93VnZZMUJGWFhWRFBXazdMaU41RzUzNzUwbnNrTG4yKzVkS3QvbDgzd3Q3WHAxTlhFNHZZd2NHZ3BJbk9QaW0wQUtPZXErWE4vZDIwZlNvdWo5V1ZwQjR3YkcreGZ1Q2FWNDRkZTRYR09uWEU1SWZwN0Q1b2NFMUxKWG15b0xxYUFKby82OEk4MG05dGUyWGs2d29ibzIvVEJ5YkYrVkFTQ0JWL0RJV214ZHFDUW1pMlJhUUJVbE9VQnJramR5c1pDTG5xY2ZjVU1Ha1U5SDMyM0FMUmxXU1ZaeGRjNSttZ3V6ZlJVdTF4Y1c3VkIycXBHOTJJaWlrOTNwUmVSNHRMTGlQRnl3cTg9IiwiZGF0YWtleSI6IkFRRUJBSGh3bTBZYUlTSmVSdEptNW4xRzZ1cWVla1h1b1hYUGU1VUZjZTlScTgvMTR3QUFBSDR3ZkFZSktvWklodmNOQVFjR29HOHdiUUlCQURCb0Jna3Foa2lHOXcwQkJ3RXdIZ1lKWUlaSUFXVURCQUV1TUJFRURGbDg3SWk1VHZnVDloS0g5Z0lCRUlBN2V2bGhRSmhURStLQ0l4alMyVUgvckFJSmE5SkdGY1lqY0JWYzc4LzZaaWlBVVl5WFhiVytHaHdBcUxEM0laQ0Fnb3lsU2oxV0tpYVB1V1E9IiwidmVyc2lvbiI6IjIiLCJ0eXBlIjoiREFUQV9LRVkiLCJleHBpcmF0aW9uIjoxNjc1NjA2NTc1fQ==",
            "proxy_endpoint": "https://380295710645.dkr.ecr.us-east-1.amazonaws.com",
            "registry_id": null,
            "user_name": "AWS"
          },
          "sensitive_attributes": []
        }
      ]
    },
    {
      "mode": "data",
      "type": "aws_vpc",
      "name": "default",
      "provider": "provider[\"registry.terraform.io/hashicorp/aws\"]",
      "instances": [
        {
          "schema_version": 0,
          "attributes": {
            "arn": "arn:aws:ec2:us-east-1:380295710645:vpc/vpc-0901f18c79c1f417d",
            "cidr_block": "172.31.0.0/16",
            "cidr_block_associations": [
              {
                "association_id": "vpc-cidr-assoc-00760adc0180f8906",
                "cidr_block": "172.31.0.0/16",
                "state": "associated"
              }
            ],
            "default": true,
            "dhcp_options_id": "dopt-0971182fffde4159a",
            "enable_dns_hostnames": true,
            "enable_dns_support": true,
            "enable_network_address_usage_metrics": false,
            "filter": null,
            "id": "vpc-0901f18c79c1f417d",
            "instance_tenancy": "default",
            "ipv6_association_id": "",
            "ipv6_cidr_block": "",
            "main_route_table_id": "rtb-030a6ed5ec95e5d72",
            "owner_id": "380295710645",
            "state": null,
            "tags": {},
            "timeouts": null
          },
          "sensitive_attributes": []
        }
      ]
    },
    {
      "mode": "managed",
      "type": "aws_ecr_repository",
      "name": "webapp-images",
      "provider": "provider[\"registry.terraform.io/hashicorp/aws\"]",
      "instances": [
        {
          "index_key": "mysql",
          "schema_version": 0,
          "attributes": {
            "arn": "arn:aws:ecr:us-east-1:380295710645:repository/mysql-image",
            "encryption_configuration": [
              {
                "encryption_type": "AES256",
                "kms_key": ""
              }
            ],
            "force_delete": null,
            "id": "mysql-image",
            "image_scanning_configuration": [
              {
                "scan_on_push": false
              }
            ],
            "image_tag_mutability": "MUTABLE",
            "name": "mysql-image",
            "registry_id": "380295710645",
            "repository_url": "380295710645.dkr.ecr.us-east-1.amazonaws.com/mysql-image",
            "tags": {},
            "tags_all": {},
            "timeouts": null
          },
          "sensitive_attributes": [],
          "private": "eyJlMmJmYjczMC1lY2FhLTExZTYtOGY4OC0zNDM2M2JjN2M0YzAiOnsiZGVsZXRlIjoxMjAwMDAwMDAwMDAwfX0="
        },
        {
          "index_key": "webapp",
          "schema_version": 0,
          "attributes": {
            "arn": "arn:aws:ecr:us-east-1:380295710645:repository/webapp-image",
            "encryption_configuration": [
              {
                "encryption_type": "AES256",
                "kms_key": ""
              }
            ],
            "force_delete": null,
            "id": "webapp-image",
            "image_scanning_configuration": [
              {
                "scan_on_push": false
              }
            ],
            "image_tag_mutability": "MUTABLE",
            "name": "webapp-image",
            "registry_id": "380295710645",
            "repository_url": "380295710645.dkr.ecr.us-east-1.amazonaws.com/webapp-image",
            "tags": {},
            "tags_all": {},
            "timeouts": null
          },
          "sensitive_attributes": [],
          "private": "eyJlMmJmYjczMC1lY2FhLTExZTYtOGY4OC0zNDM2M2JjN2M0YzAiOnsiZGVsZXRlIjoxMjAwMDAwMDAwMDAwfX0="
        }
      ]
    },
    {
      "mode": "managed",
      "type": "aws_instance",
      "name": "vm1",
      "provider": "provider[\"registry.terraform.io/hashicorp/aws\"]",
      "instances": [
        {
          "schema_version": 1,
          "attributes": {
            "ami": "ami-007868005aea67c54",
            "arn": "arn:aws:ec2:us-east-1:380295710645:instance/i-020ffcfaf09fd1a2c",
            "associate_public_ip_address": true,
            "availability_zone": "us-east-1e",
            "capacity_reservation_specification": [
              {
                "capacity_reservation_preference": "open",
                "capacity_reservation_target": []
              }
            ],
            "cpu_core_count": 1,
            "cpu_threads_per_core": 1,
            "credit_specification": [
              {
                "cpu_credits": "standard"
              }
            ],
            "disable_api_stop": false,
            "disable_api_termination": false,
            "ebs_block_device": [],
            "ebs_optimized": false,
            "enclave_options": [
              {
                "enabled": false
              }
            ],
            "ephemeral_block_device": [],
            "get_password_data": false,
            "hibernation": false,
            "host_id": "",
            "host_resource_group_arn": null,
            "iam_instance_profile": "",
            "id": "i-020ffcfaf09fd1a2c",
            "instance_initiated_shutdown_behavior": "stop",
            "instance_state": "running",
            "instance_type": "t2.micro",
            "ipv6_address_count": 0,
            "ipv6_addresses": [],
            "key_name": "webapp-key",
            "launch_template": [],
            "maintenance_options": [
              {
                "auto_recovery": "default"
              }
            ],
            "metadata_options": [
              {
                "http_endpoint": "enabled",
                "http_put_response_hop_limit": 1,
                "http_tokens": "optional",
                "instance_metadata_tags": "disabled"
              }
            ],
            "monitoring": false,
            "network_interface": [],
            "outpost_arn": "",
            "password_data": "",
            "placement_group": "",
            "placement_partition_number": 0,
            "primary_network_interface_id": "eni-04360818a42d76e9a",
            "private_dns": "ip-172-31-52-91.ec2.internal",
            "private_dns_name_options": [
              {
                "enable_resource_name_dns_a_record": false,
                "enable_resource_name_dns_aaaa_record": false,
                "hostname_type": "ip-name"
              }
            ],
            "private_ip": "172.31.52.91",
            "public_dns": "ec2-34-207-222-243.compute-1.amazonaws.com",
            "public_ip": "34.207.222.243",
            "root_block_device": [
              {
                "delete_on_termination": true,
                "device_name": "/dev/xvda",
                "encrypted": false,
                "iops": 100,
                "kms_key_id": "",
                "tags": {},
                "throughput": 0,
                "volume_id": "vol-047e9496722db1cf5",
                "volume_size": 8,
                "volume_type": "gp2"
              }
            ],
            "secondary_private_ips": [],
            "security_groups": [
              "terraform-20230205021617790400000001"
            ],
            "source_dest_check": true,
            "subnet_id": "subnet-06172a8aa3489c60b",
            "tags": {
              "Name": "webapp-server"
            },
            "tags_all": {
              "Name": "webapp-server"
            },
            "tenancy": "default",
            "timeouts": null,
            "user_data": null,
            "user_data_base64": null,
            "user_data_replace_on_change": false,
            "volume_tags": null,
            "vpc_security_group_ids": [
              "sg-0d044b6e4a3bd8cc3"
            ]
          },
          "sensitive_attributes": [],
          "private": "eyJlMmJmYjczMC1lY2FhLTExZTYtOGY4OC0zNDM2M2JjN2M0YzAiOnsiY3JlYXRlIjo2MDAwMDAwMDAwMDAsImRlbGV0ZSI6MTIwMDAwMDAwMDAwMCwidXBkYXRlIjo2MDAwMDAwMDAwMDB9LCJzY2hlbWFfdmVyc2lvbiI6IjEifQ==",
          "dependencies": [
            "aws_key_pair.vm_key",
            "aws_security_group.vm_security_group",
            "data.aws_ami.latest_amazon_linux",
            "data.aws_vpc.default"
          ]
        }
      ]
    },
    {
      "mode": "managed",
      "type": "aws_internet_gateway",
      "name": "igw",
      "provider": "provider[\"registry.terraform.io/hashicorp/aws\"]",
      "instances": [
        {
          "schema_version": 0,
          "attributes": {
            "arn": "arn:aws:ec2:us-east-1:380295710645:internet-gateway/igw-01f9ce516481f6afc",
            "id": "igw-01f9ce516481f6afc",
            "owner_id": "380295710645",
            "tags": {
              "Name": "vpc-nonprod"
            },
            "tags_all": {
              "Name": "vpc-nonprod"
            },
            "timeouts": null,
            "vpc_id": "vpc-0c459fa7215a97bfa"
          },
          "sensitive_attributes": [],
          "private": "eyJlMmJmYjczMC1lY2FhLTExZTYtOGY4OC0zNDM2M2JjN2M0YzAiOnsiY3JlYXRlIjoxMjAwMDAwMDAwMDAwLCJkZWxldGUiOjEyMDAwMDAwMDAwMDAsInVwZGF0ZSI6MTIwMDAwMDAwMDAwMH19",
          "dependencies": [
            "aws_vpc.aws_vpc_name"
          ]
        }
      ]
    },
    {
      "mode": "managed",
      "type": "aws_key_pair",
      "name": "vm_key",
      "provider": "provider[\"registry.terraform.io/hashicorp/aws\"]",
      "instances": [
        {
          "schema_version": 1,
          "attributes": {
            "arn": "arn:aws:ec2:us-east-1:380295710645:key-pair/webapp-key",
            "fingerprint": "3b:88:1a:6a:71:eb:ff:84:d0:2d:4d:05:76:18:b9:dc",
            "id": "webapp-key",
            "key_name": "webapp-key",
            "key_name_prefix": "",
            "key_pair_id": "key-023e80f6fdf142be8",
            "key_type": "rsa",
            "public_key": "ssh-rsa AAAAB3NzaC1yc2EAAAADAQABAAABAQDGL6vEifCKBDnbZuhL49UTjaxr/Yce5ClC6ke69bBCmFXSPAzITx9dF3uWuAwUnMJXGVAO8citNxwKdueYy4LeHIbumYzl4H1GRpGpCFb0lPqcvzeHnDKUHQd2YmC8w7kwLy/bQIJtiQGUpBb5KZNIdM+Cp8gFOuD4QljPo0mdP/fAqxwTapAExgpMkwvPjayCy4+97qjUG+v+/T9cy0Sqqq3gqvT6s9Q/nS4Sf2UzFVYxSwscFlC6/8J5bJBc6p0mvMxXrMnJmHrmZhWZ0Wx5S6aVLUPRF0PjyDEcN36IiLJb/9Ufw1V8h32ooTnDe4CJ/ZA/dcn4CQDDW2MyKEWp ec2-user@ip-172-31-18-183.ec2.internal",
            "tags": {},
            "tags_all": {}
          },
          "sensitive_attributes": [],
          "private": "eyJzY2hlbWFfdmVyc2lvbiI6IjEifQ=="
        }
      ]
    },
    {
      "mode": "managed",
      "type": "aws_security_group",
      "name": "vm_security_group",
      "provider": "provider[\"registry.terraform.io/hashicorp/aws\"]",
      "instances": [
        {
          "schema_version": 1,
          "attributes": {
            "arn": "arn:aws:ec2:us-east-1:380295710645:security-group/sg-0d044b6e4a3bd8cc3",
            "description": "Managed by Terraform",
            "egress": [
              {
                "cidr_blocks": [
                  "0.0.0.0/0"
                ],
                "description": "",
                "from_port": 0,
                "ipv6_cidr_blocks": [],
                "prefix_list_ids": [],
                "protocol": "-1",
                "security_groups": [],
                "self": false,
                "to_port": 0
              }
            ],
            "id": "sg-0d044b6e4a3bd8cc3",
            "ingress": [
              {
                "cidr_blocks": [
                  "0.0.0.0/0"
                ],
                "description": "",
                "from_port": 22,
                "ipv6_cidr_blocks": [],
                "prefix_list_ids": [],
                "protocol": "tcp",
                "security_groups": [],
                "self": false,
                "to_port": 22
              },
              {
                "cidr_blocks": [
                  "0.0.0.0/0"
                ],
                "description": "",
                "from_port": 8081,
                "ipv6_cidr_blocks": [],
                "prefix_list_ids": [],
                "protocol": "tcp",
                "security_groups": [],
                "self": false,
                "to_port": 8081
              },
              {
                "cidr_blocks": [
                  "0.0.0.0/0"
                ],
                "description": "",
                "from_port": 8082,
                "ipv6_cidr_blocks": [],
                "prefix_list_ids": [],
                "protocol": "tcp",
                "security_groups": [],
                "self": false,
                "to_port": 8082
              },
              {
                "cidr_blocks": [
                  "0.0.0.0/0"
                ],
                "description": "",
                "from_port": 8083,
                "ipv6_cidr_blocks": [],
                "prefix_list_ids": [],
                "protocol": "tcp",
                "security_groups": [],
                "self": false,
                "to_port": 8083
              },
              {
                "cidr_blocks": [
                  "0.0.0.0/0"
                ],
                "description": "",
                "from_port": 80,
                "ipv6_cidr_blocks": [],
                "prefix_list_ids": [],
                "protocol": "tcp",
                "security_groups": [],
                "self": false,
                "to_port": 80
              }
            ],
            "name": "terraform-20230205021617790400000001",
            "name_prefix": "terraform-",
            "owner_id": "380295710645",
            "revoke_rules_on_delete": false,
            "tags": {
              "Name": "only_ssh_Http_vms"
            },
            "tags_all": {
              "Name": "only_ssh_Http_vms"
            },
            "timeouts": null,
            "vpc_id": "vpc-0901f18c79c1f417d"
          },
          "sensitive_attributes": [],
          "private": "eyJlMmJmYjczMC1lY2FhLTExZTYtOGY4OC0zNDM2M2JjN2M0YzAiOnsiY3JlYXRlIjo2MDAwMDAwMDAwMDAsImRlbGV0ZSI6OTAwMDAwMDAwMDAwfSwic2NoZW1hX3ZlcnNpb24iOiIxIn0=",
          "dependencies": [
            "data.aws_vpc.default"
          ]
        }
      ]
    },
    {
      "mode": "managed",
      "type": "aws_subnet",
      "name": "aws_subnet_block",
      "provider": "provider[\"registry.terraform.io/hashicorp/aws\"]",
      "instances": [
        {
          "schema_version": 1,
          "attributes": {
            "arn": "arn:aws:ec2:us-east-1:380295710645:subnet/subnet-00b7805ecd0dce7b0",
            "assign_ipv6_address_on_creation": false,
            "availability_zone": "us-east-1a",
            "availability_zone_id": "use1-az2",
            "cidr_block": "10.1.1.0/24",
            "customer_owned_ipv4_pool": "",
            "enable_dns64": false,
            "enable_resource_name_dns_a_record_on_launch": false,
            "enable_resource_name_dns_aaaa_record_on_launch": false,
            "id": "subnet-00b7805ecd0dce7b0",
            "ipv6_cidr_block": "",
            "ipv6_cidr_block_association_id": "",
            "ipv6_native": false,
            "map_customer_owned_ip_on_launch": false,
            "map_public_ip_on_launch": true,
            "outpost_arn": "",
            "owner_id": "380295710645",
            "private_dns_hostname_type_on_launch": "ip-name",
            "tags": {
              "Name": "nonprod-sub"
            },
            "tags_all": {
              "Name": "nonprod-sub"
            },
            "timeouts": null,
            "vpc_id": "vpc-0c459fa7215a97bfa"
          },
          "sensitive_attributes": [],
          "private": "eyJlMmJmYjczMC1lY2FhLTExZTYtOGY4OC0zNDM2M2JjN2M0YzAiOnsiY3JlYXRlIjo2MDAwMDAwMDAwMDAsImRlbGV0ZSI6MTIwMDAwMDAwMDAwMH0sInNjaGVtYV92ZXJzaW9uIjoiMSJ9",
          "dependencies": [
            "aws_vpc.aws_vpc_name"
          ]
        }
      ]
    },
    {
      "mode": "managed",
      "type": "aws_vpc",
      "name": "aws_vpc_name",
      "provider": "provider[\"registry.terraform.io/hashicorp/aws\"]",
      "instances": [
        {
          "schema_version": 1,
          "attributes": {
            "arn": "arn:aws:ec2:us-east-1:380295710645:vpc/vpc-0c459fa7215a97bfa",
            "assign_generated_ipv6_cidr_block": false,
            "cidr_block": "10.1.0.0/16",
            "default_network_acl_id": "acl-0c028fe3bc1c92334",
            "default_route_table_id": "rtb-0814ebb83cf6689d3",
            "default_security_group_id": "sg-0eca18efac291ac36",
            "dhcp_options_id": "dopt-0971182fffde4159a",
            "enable_classiclink": false,
            "enable_classiclink_dns_support": false,
            "enable_dns_hostnames": true,
            "enable_dns_support": true,
            "enable_network_address_usage_metrics": false,
            "id": "vpc-0c459fa7215a97bfa",
            "instance_tenancy": "default",
            "ipv4_ipam_pool_id": null,
            "ipv4_netmask_length": null,
            "ipv6_association_id": "",
            "ipv6_cidr_block": "",
            "ipv6_cidr_block_network_border_group": "",
            "ipv6_ipam_pool_id": "",
            "ipv6_netmask_length": 0,
            "main_route_table_id": "rtb-0814ebb83cf6689d3",
            "owner_id": "380295710645",
            "tags": {
              "Name": "vpc-nonprod"
            },
            "tags_all": {
              "Name": "vpc-nonprod"
            }
          },
          "sensitive_attributes": [],
          "private": "eyJzY2hlbWFfdmVyc2lvbiI6IjEifQ=="
        }
      ]
    }
  ],
  "check_results": null
}
