{
  "version": 4,
  "terraform_version": "1.3.7",
  "serial": 24,
  "lineage": "bb64b703-74c2-ba7e-96cb-517e93e921fc",
  "outputs": {
    "ecr-url": {
      "value": "587312347089.dkr.ecr.us-east-1b.amazonaws.com",
      "type": "string"
    }
  },
  "resources": [
    {
      "mode": "data",
      "type": "aws_ami",
      "name": "latest_amazon_linux",
      "provider": "provider[\"registry.terraform.io/hashicorp/aws\"]",
      "instances": [
        {
          "schema_version": 0,
          "attributes": {
            "architecture": "x86_64",
            "arn": "arn:aws:ec2:us-east-1::image/ami-007868005aea67c54",
            "block_device_mappings": [
              {
                "device_name": "/dev/xvda",
                "ebs": {
                  "delete_on_termination": "true",
                  "encrypted": "false",
                  "iops": "0",
                  "snapshot_id": "snap-023cfd0d04c4543c4",
                  "throughput": "0",
                  "volume_size": "8",
                  "volume_type": "gp2"
                },
                "no_device": "",
                "virtual_name": ""
              }
            ],
            "boot_mode": "",
            "creation_date": "2023-01-25T17:10:05.000Z",
            "deprecation_time": "2025-01-25T17:10:05.000Z",
            "description": "Amazon Linux 2 AMI 2.0.20230119.1 x86_64 HVM gp2",
            "ena_support": true,
            "executable_users": null,
            "filter": [
              {
                "name": "name",
                "values": [
                  "amzn2-ami-hvm-*-x86_64-gp2"
                ]
              }
            ],
            "hypervisor": "xen",
            "id": "ami-007868005aea67c54",
            "image_id": "ami-007868005aea67c54",
            "image_location": "amazon/amzn2-ami-hvm-2.0.20230119.1-x86_64-gp2",
            "image_owner_alias": "amazon",
            "image_type": "machine",
            "imds_support": "",
            "include_deprecated": false,
            "kernel_id": "",
            "most_recent": true,
            "name": "amzn2-ami-hvm-2.0.20230119.1-x86_64-gp2",
            "name_regex": null,
            "owner_id": "137112412989",
            "owners": [
              "amazon"
            ],
            "platform": "",
            "platform_details": "Linux/UNIX",
            "product_codes": [],
            "public": true,
            "ramdisk_id": "",
            "root_device_name": "/dev/xvda",
            "root_device_type": "ebs",
            "root_snapshot_id": "snap-023cfd0d04c4543c4",
            "sriov_net_support": "simple",
            "state": "available",
            "state_reason": {
              "code": "UNSET",
              "message": "UNSET"
            },
            "tags": {},
            "timeouts": null,
            "tpm_support": "",
            "usage_operation": "RunInstances",
            "virtualization_type": "hvm"
          },
          "sensitive_attributes": []
        }
      ]
    },
    {
      "mode": "data",
      "type": "aws_caller_identity",
      "name": "current",
      "provider": "provider[\"registry.terraform.io/hashicorp/aws\"]",
      "instances": [
        {
          "schema_version": 0,
          "attributes": {
            "account_id": "587312347089",
            "arn": "arn:aws:sts::587312347089:assumed-role/voclabs/user2119967=skoochakpour@myseneca.ca",
            "id": "587312347089",
            "user_id": "AROAYRPULG7I7VTNUDFIP:user2119967=skoochakpour@myseneca.ca"
          },
          "sensitive_attributes": []
        }
      ]
    },
    {
      "mode": "data",
      "type": "aws_ecr_authorization_token",
      "name": "token",
      "provider": "provider[\"registry.terraform.io/hashicorp/aws\"]",
      "instances": [
        {
          "schema_version": 0,
          "attributes": {
            "authorization_token": "QVdTOmV5SndZWGxzYjJGa0lqb2llbGgzTDBwclNITllkV1ZQY0U0MGQyTk9kbEZqYUc0ellUUkNTV3QzU0hGSlltdHFNVWM1TUZkeGJXMXBNMFJzUVhOQlRVbDViRVZrSzJsNlYzZzNRVlpJT1dOTFExbGtMems0YkRKVEt6UnZUa0ZuVG5jMlZ6VnFRbWh3U0VSV0x6UTJiRGhNV1VnMFVsTndkREE1V1ZoWlJEbEZUbGN5UkZWb2IzQlRkRGg0TVd4R2RuUmlkMjA0ZWpZMk1VMUJUU3R6UjAxdVIyOW1TVzg0WmtwTWRVSlRVMmROZVRCc1Yzb3lXQzl1YVhGcVYxVlNZakIwWTNGd2RGTkpiSEExWmswNWRFaExLMWMyYTNOd1dEQlpkMHBSV2pCVlZWTlVPVmhKYzBwR0szaEdlRFZVY2sxd2FpOWFPV1ZoTXpCamExUlRNRkJJZFhRMWEzTkJMMUI2ZFd4ME9TOUdTR3BuWXpaUlRWUnJPRlZDTkhCU2RtMXphME5aT0dKTGFUTldVa05sUzBrMldIaGxSM3B5YUV0TFVscGxjVFYyZWxaSk1XdzJOMjFLZGt0VVlXWnZPRVZLUjJ0bk9VMUpRMlV4V2paWlFsQllTMGxWUm10R1dYcDVXSE5zU1VkQmJsb3hMMHhSU1UwemJWZEtRbTlIU20weFdFWklXRkJJU21wWFJ6QXZWRk5UUzNocFdXdEhaMDV0VDFsSFp6VTFlbTlzYmtaRlVHcE5lU3R6SzJwcmRYRktaVEpMVERjMk4wVXJlV3BXTDFadmEyVjZjbkF4VkVzNE0ydGlSSGd3WjBGMFJXZGtjbFZLWkhnNUx6WXllVTAxZEUxTVVYRlRhRE5RVmxGaFJWVmpRelpKTUhnM01EQXlXa1Y0ZGxvM1lUUmxVM0IzZDFwNmFGUnhaMWszVXpSc2IzSktSbkYzVnpSQ1dVOVNUMmxEZW5kdmNFVXZTMmM0VFRrMVdWRktiVVp2SzB3eFdFeE5ZMk5tYW5OMmRtUXZOQzlIZDBoc2FtMTFNWE5OU25GdWQzZDFSalZFWms1WllYbGxiR28xTW0xQ1dFeHFSR0ZZVmpaWGRUZFZkVTlPUjNGMGVYTnBWV2N5VEdkNGFISmpRemRMUlVrMVNISnhla3RtV20xVVJsZzBWbEU1VDNCMWFtVkhOSEpoT0VWdVpVeHZZelFyVFRoR1VsTlViR3BOZWpGVVFrNHJlbWRMZWxSQ1EzUXdkSGRpTUVWdlltbzFUR3BJTURFeldrdFliMWRsV0dacGVtUkdlalF3WkhNeE5rVklZM1JvVVVzeE1YZHVLM1ZLYmpscVNteHpaV0pPV21aS1ltTTNkbGRhWTJSRWJHTm1kMmxQYlRaaVpsQnJWbTFTVGtGWk1FODNha2sxVmxSUlkwSjFaRTV1YTBjeFlYWnlXVGhTWmpGU1ZsRkZWRkE1UjBSclJsUmtXSGt2WlZaMlV6SnJVMVpLZFVWdFZWZDNaMkpzUlV4TmNIZENTV3BKT0daUFdFNTJTR0V6Tm1JeFoxTkljaXRwUTFoMVQzWjRTMEpNZDJ4UGRGRlRTR1pHZDFCb2NITkdTWEJYTVV0SFJGSm9Va3RpVDAxMGNFZFVWeTgyY3pRemVscGpOMjFOUjI0MFNHWk5XbU0zV1U0NVJYWlpMM1pqUjFWVGNFSkllbkpMVnpsQ1p6QlFOM0YzYjNoRVN6ZEtUMEZHVDJSUFNFOHlXbVUwVDBSTmRIazBOMUY1Unpaak5WQXZORlpUWTFWbUsxSnhMMDFpYUVjNWEyTkNiWEoxT0Zsak0waGlVVE5xZWpsVFIzaGxVMUZ5UW1aSVlURkxWbE5zZFZKTVpYcHRNVmt3VFhseWVtaE1ZM1ZoWVdSR1lWQTJjSFJGVGpCRFEwUldOSGwyU0ZkQkwyeENibkprYkRsS1VHSjNaalJsVnpnMlozRlRjVWRXUm5oMk1qSjBVV0p0TVhwcVEzSlNSVEJKUmtOblRVY3haMmw0WW1ORFRHTXdXaXMwYkZsM2VEZzRkVUYwUTNkVVRsRmpSbXN2TWxWNEwwTXlNbmw2VWpGbWNHODVjREkyU0RWYUsybEhUMGRqWjJ0c05UY3hkVUV2WkhsS1JETk1lRmw1Y1hWRmFtNTZkRm9yYzBZNVRtNVRTVFl6WkdKVlIxYzRkRzlXY1RsdmNVVTNVak5zTTJaR2RrOU9abGd4VkN0NFRTczNhV28wT1RKWVUxUlJjMDFSY2pFeFNGcHRRMUJzYUU5R1oxWm5aVUptZFU4cmJtbFJXbmRtYldkWWFuTmthRlZQYlhZMmJFMU5hVmxaYTNsSEwyNUxhMnd5VWtVdlJWWXpUM00yUW5SQ1pHVnNjSFprWVhGaFdWSkhlREV6VUdkeVZFbHFlVmRLUVd4RE9VOXdjMlJZYUUxSGNYbG5SVVZVYld0MWNIWkJkRlppY0dwcGJVMVdUa3BYTDNNMWVuQlBVME5QZG5oVGFHUjJjbVV2UkhGbFZWWkNiVEJKU2tGV05qaHFSbTh3WVZNMFVHTnVabUU0Tm1FMFNrSTBNME16Tkc0ekwwSklXRnBsVUN0NE1saHJVMWd3TWtwaVV6Tm9jR0ZUVlVKcGRXUmxaRE5SZVRSREwyRldWbUpQVjBwdGJ6aFlTVTh6WTNOaUsyRnlUMHc0VTJKQ1QwcDFMM0pwUzBsWlJrWlFhQzlrV2twMVNWbDZUVFU0Ym5Rck5FcFJiMkpLYTBGUU1VWlJaRkZWVERsWmIwVjFXaXMwZEhRNVVVdzJObXhyYlZadGEwWndjMnhZWmxkQ1RtWmtZVzV4V2xWWVowaEdaSFpYYWpSeU1YTkJkMmx0UWt4dmEzVktZU0lzSW1SaGRHRnJaWGtpT2lKQlVVVkNRVWhvZDIwd1dXRkpVMHBsVW5SS2JUVnVNVWMyZFhGbFpXdFlkVzlZV0ZCbE5WVkdZMlU1VW5FNEx6RTBkMEZCUVVnMGQyWkJXVXBMYjFwSmFIWmpUa0ZSWTBkdlJ6aDNZbEZKUWtGRVFtOUNaMnR4YUd0cFJ6bDNNRUpDZDBWM1NHZFpTbGxKV2tsQlYxVkVRa0ZGZFUxQ1JVVkVRalUzZGtObU1VNUdTamhVVVVSVWQxRkpRa1ZKUVRjd1RIQmplalVyWTBSaWRXUlpVbFpIUWtsblJWRjRWVFJIZW1wWU0wOVdSa04wTm05eFFqSjVTMjlWY0RSdGIyZE5aMlZPVVVJM0sxbGhlbGxqTTFOQldreHRRMHBqZEhwVGFrazRjVWxKUFNJc0luWmxjbk5wYjI0aU9pSXlJaXdpZEhsd1pTSTZJa1JCVkVGZlMwVlpJaXdpWlhod2FYSmhkR2x2YmlJNk1UWTNOVFUzTURnMk5IMD0=",
            "expires_at": "2023-02-05T04:21:04Z",
            "id": "us-east-1",
            "password": "eyJwYXlsb2FkIjoielh3L0prSHNYdWVPcE40d2NOdlFjaG4zYTRCSWt3SHFJYmtqMUc5MFdxbW1pM0RsQXNBTUl5bEVkK2l6V3g3QVZIOWNLQ1lkLzk4bDJTKzRvTkFnTnc2VzVqQmhwSERWLzQ2bDhMWUg0UlNwdDA5WVhZRDlFTlcyRFVob3BTdDh4MWxGdnRid204ejY2MU1BTStzR01uR29mSW84ZkpMdUJTU2dNeTBsV3oyWC9uaXFqV1VSYjB0Y3FwdFNJbHA1Zk05dEhLK1c2a3NwWDBZd0pRWjBVVVNUOVhJc0pGK3hGeDVUck1wai9aOWVhMzBja1RTMFBIdXQ1a3NBL1B6dWx0OS9GSGpnYzZRTVRrOFVCNHBSdm1za0NZOGJLaTNWUkNlS0k2WHhlR3pyaEtLUlplcTV2elZJMWw2N21KdktUYWZvOEVKR2tnOU1JQ2UxWjZZQlBYS0lVRmtGWXp5WHNsSUdBbloxL0xRSU0zbVdKQm9HSm0xWEZIWFBISmpXRzAvVFNTS3hpWWtHZ05tT1lHZzU1em9sbkZFUGpNeStzK2prdXFKZTJLTDc2N0UreWpWL1Zva2V6cnAxVEs4M2tiRHgwZ0F0RWdkclVKZHg5LzYyeU01dE1MUXFTaDNQVlFhRVVjQzZJMHg3MDAyWkV4dlo3YTRlU3B3d1p6aFRxZ1k3UzRsb3JKRnF3VzRCWU9ST2lDendvcEUvS2c4TTk1WVFKbUZvK0wxWExNY2NmanN2dmQvNC9Hd0hsam11MXNNSnFud3d1RjVEZk5ZYXllbGo1Mm1CWExqRGFYVjZXdTdVdU9OR3F0eXNpVWcyTGd4aHJjQzdLRUk1SHJxektmWm1URlg0VlE5T3B1amVHNHJhOEVuZUxvYzQrTThGUlNUbGpNejFUQk4remdLelRCQ3QwdHdiMEVvYmo1TGpIMDEzWktYb1dlWGZpemRGejQwZHMxNkVIY3RoUUsxMXduK3VKbjlqSmxzZWJOWmZKYmM3dldaY2REbGNmd2lPbTZiZlBrVm1STkFZME83akk1VlRRY0J1ZE5ua0cxYXZyWThSZjFSVlFFVFA5R0RrRlRkWHkvZVZ2UzJrU1ZKdUVtVVd3Z2JsRUxNcHdCSWpJOGZPWE52SGEzNmIxZ1NIcitpQ1h1T3Z4S0JMd2xPdFFTSGZGd1BocHNGSXBXMUtHRFJoUktiT010cEdUVy82czQzelpjN21NR240SGZNWmM3WU45RXZZL3ZjR1VTcEJIenJLVzlCZzBQN3F3b3hESzdKT0FGT2RPSE8yWmU0T0RNdHk0N1F5RzZjNVAvNFZTY1VmK1JxL01iaEc5a2NCbXJ1OFljM0hiUTNqejlTR3hlU1FyQmZIYTFLVlNsdVJMZXptMVkwTXlyemhMY3VhYWRGYVA2cHRFTjBDQ0RWNHl2SFdBL2xCbnJkbDlKUGJ3ZjRlVzg2Z3FTcUdWRnh2MjJ0UWJtMXpqQ3JSRTBJRkNnTUcxZ2l4YmNDTGMwWis0bFl3eDg4dUF0Q3dUTlFjRmsvMlV4L0MyMnl6UjFmcG85cDI2SDVaK2lHT0djZ2tsNTcxdUEvZHlKRDNMeFl5cXVFam56dForc0Y5Tm5TSTYzZGJVR1c4dG9WcTlvcUU3UjNsM2ZGdk9OZlgxVCt4TSs3aWo0OTJYU1RRc01RcjExSFptQ1BsaE9GZ1ZnZUJmdU8rbmlRWndmbWdYanNkaFVPbXY2bE1NaVlZa3lHL25La2wyUkUvRVYzT3M2QnRCZGVscHZkYXFhWVJHeDEzUGdyVElqeVdKQWxDOU9wc2RYaE1HcXlnRUVUbWt1cHZBdFZicGppbU1WTkpXL3M1enBPU0NPdnhTaGR2cmUvRHFlVVZCbTBJSkFWNjhqRm8wYVM0UGNuZmE4NmE0SkI0M0MzNG4zL0JIWFplUCt4MlhrU1gwMkpiUzNocGFTVUJpdWRlZDNReTRDL2FWVmJPV0ptbzhYSU8zY3NiK2FyT0w4U2JCT0p1L3JpS0lZRkZQaC9kWkp1SVl6TTU4bnQrNEpRb2JKa0FQMUZRZFFVTDlZb0V1Wis0dHQ5UUw2NmxrbVZta0Zwc2xYZldCTmZkYW5xWlVYZ0hGZHZXajRyMXNBd2ltQkxva3VKYSIsImRhdGFrZXkiOiJBUUVCQUhod20wWWFJU0plUnRKbTVuMUc2dXFlZWtYdW9YWFBlNVVGY2U5UnE4LzE0d0FBQUg0d2ZBWUpLb1pJaHZjTkFRY0dvRzh3YlFJQkFEQm9CZ2txaGtpRzl3MEJCd0V3SGdZSllJWklBV1VEQkFFdU1CRUVEQjU3dkNmMU5GSjhUUURUd1FJQkVJQTcwTHBjejUrY0RidWRZUlZHQklnRVF4VTRHempYM09WRkN0Nm9xQjJ5S29VcDRtb2dNZ2VOUUI3K1lhelljM1NBWkxtQ0pjdHpTakk4cUlJPSIsInZlcnNpb24iOiIyIiwidHlwZSI6IkRBVEFfS0VZIiwiZXhwaXJhdGlvbiI6MTY3NTU3MDg2NH0=",
            "proxy_endpoint": "https://587312347089.dkr.ecr.us-east-1.amazonaws.com",
            "registry_id": null,
            "user_name": "AWS"
          },
          "sensitive_attributes": []
        }
      ]
    },
    {
      "mode": "managed",
      "type": "aws_ecr_repository",
      "name": "webapp-images",
      "provider": "provider[\"registry.terraform.io/hashicorp/aws\"]",
      "instances": [
        {
          "schema_version": 0,
          "attributes": {
            "arn": "arn:aws:ecr:us-east-1:587312347089:repository/webapp-images",
            "encryption_configuration": [
              {
                "encryption_type": "AES256",
                "kms_key": ""
              }
            ],
            "force_delete": null,
            "id": "webapp-images",
            "image_scanning_configuration": [
              {
                "scan_on_push": false
              }
            ],
            "image_tag_mutability": "MUTABLE",
            "name": "webapp-images",
            "registry_id": "587312347089",
            "repository_url": "587312347089.dkr.ecr.us-east-1.amazonaws.com/webapp-images",
            "tags": {},
            "tags_all": {},
            "timeouts": null
          },
          "sensitive_attributes": [],
          "private": "eyJlMmJmYjczMC1lY2FhLTExZTYtOGY4OC0zNDM2M2JjN2M0YzAiOnsiZGVsZXRlIjoxMjAwMDAwMDAwMDAwfX0="
        }
      ]
    },
    {
      "mode": "managed",
      "type": "aws_instance",
      "name": "vm1",
      "provider": "provider[\"registry.terraform.io/hashicorp/aws\"]",
      "instances": [
        {
          "schema_version": 1,
          "attributes": {
            "ami": "ami-007868005aea67c54",
            "arn": "arn:aws:ec2:us-east-1:587312347089:instance/i-0220431a1f8c3b164",
            "associate_public_ip_address": true,
            "availability_zone": "us-east-1b",
            "capacity_reservation_specification": [
              {
                "capacity_reservation_preference": "open",
                "capacity_reservation_target": []
              }
            ],
            "cpu_core_count": 1,
            "cpu_threads_per_core": 1,
            "credit_specification": [
              {
                "cpu_credits": "standard"
              }
            ],
            "disable_api_stop": false,
            "disable_api_termination": false,
            "ebs_block_device": [],
            "ebs_optimized": false,
            "enclave_options": [
              {
                "enabled": false
              }
            ],
            "ephemeral_block_device": [],
            "get_password_data": false,
            "hibernation": false,
            "host_id": "",
            "host_resource_group_arn": null,
            "iam_instance_profile": "",
            "id": "i-0220431a1f8c3b164",
            "instance_initiated_shutdown_behavior": "stop",
            "instance_state": "running",
            "instance_type": "t2.micro",
            "ipv6_address_count": 0,
            "ipv6_addresses": [],
            "key_name": "webapp-key",
            "launch_template": [],
            "maintenance_options": [
              {
                "auto_recovery": "default"
              }
            ],
            "metadata_options": [
              {
                "http_endpoint": "enabled",
                "http_put_response_hop_limit": 1,
                "http_tokens": "optional",
                "instance_metadata_tags": "disabled"
              }
            ],
            "monitoring": false,
            "network_interface": [],
            "outpost_arn": "",
            "password_data": "",
            "placement_group": "",
            "placement_partition_number": 0,
            "primary_network_interface_id": "eni-0cf0805e407f71ccb",
            "private_dns": "ip-10-1-1-246.ec2.internal",
            "private_dns_name_options": [
              {
                "enable_resource_name_dns_a_record": false,
                "enable_resource_name_dns_aaaa_record": false,
                "hostname_type": "ip-name"
              }
            ],
            "private_ip": "10.1.1.246",
            "public_dns": "ec2-54-90-118-33.compute-1.amazonaws.com",
            "public_ip": "54.90.118.33",
            "root_block_device": [
              {
                "delete_on_termination": true,
                "device_name": "/dev/xvda",
                "encrypted": false,
                "iops": 100,
                "kms_key_id": "",
                "tags": {},
                "throughput": 0,
                "volume_id": "vol-0d5c6951b7ae8e9fb",
                "volume_size": 8,
                "volume_type": "gp2"
              }
            ],
            "secondary_private_ips": [],
            "security_groups": [],
            "source_dest_check": true,
            "subnet_id": "subnet-0159d502e3bd59a98",
            "tags": {
              "Name": "webapp-server"
            },
            "tags_all": {
              "Name": "webapp-server"
            },
            "tenancy": "default",
            "timeouts": null,
            "user_data": null,
            "user_data_base64": null,
            "user_data_replace_on_change": false,
            "volume_tags": null,
            "vpc_security_group_ids": [
              "sg-0d76c05db373743b0"
            ]
          },
          "sensitive_attributes": [],
          "private": "eyJlMmJmYjczMC1lY2FhLTExZTYtOGY4OC0zNDM2M2JjN2M0YzAiOnsiY3JlYXRlIjo2MDAwMDAwMDAwMDAsImRlbGV0ZSI6MTIwMDAwMDAwMDAwMCwidXBkYXRlIjo2MDAwMDAwMDAwMDB9LCJzY2hlbWFfdmVyc2lvbiI6IjEifQ==",
          "dependencies": [
            "aws_key_pair.vm_key",
            "aws_security_group.vm_security_group",
            "aws_subnet.aws_subnet_block",
            "aws_vpc.aws_vpc_name",
            "data.aws_ami.latest_amazon_linux"
          ]
        }
      ]
    },
    {
      "mode": "managed",
      "type": "aws_internet_gateway",
      "name": "igw",
      "provider": "provider[\"registry.terraform.io/hashicorp/aws\"]",
      "instances": [
        {
          "schema_version": 0,
          "attributes": {
            "arn": "arn:aws:ec2:us-east-1:587312347089:internet-gateway/igw-02b8d53e69f7187af",
            "id": "igw-02b8d53e69f7187af",
            "owner_id": "587312347089",
            "tags": {
              "Name": "vpc-nonprod"
            },
            "tags_all": {
              "Name": "vpc-nonprod"
            },
            "timeouts": null,
            "vpc_id": "vpc-0baf801960c51dc4e"
          },
          "sensitive_attributes": [],
          "private": "eyJlMmJmYjczMC1lY2FhLTExZTYtOGY4OC0zNDM2M2JjN2M0YzAiOnsiY3JlYXRlIjoxMjAwMDAwMDAwMDAwLCJkZWxldGUiOjEyMDAwMDAwMDAwMDAsInVwZGF0ZSI6MTIwMDAwMDAwMDAwMH19",
          "dependencies": [
            "aws_vpc.aws_vpc_name"
          ]
        }
      ]
    },
    {
      "mode": "managed",
      "type": "aws_key_pair",
      "name": "vm_key",
      "provider": "provider[\"registry.terraform.io/hashicorp/aws\"]",
      "instances": [
        {
          "schema_version": 1,
          "attributes": {
            "arn": "arn:aws:ec2:us-east-1:587312347089:key-pair/webapp-key",
            "fingerprint": "a6:62:64:c1:de:0f:f5:ef:44:25:2e:6e:d1:5f:d4:59",
            "id": "webapp-key",
            "key_name": "webapp-key",
            "key_name_prefix": "",
            "key_pair_id": "key-040cda2ac382cafa3",
            "key_type": "rsa",
            "public_key": "ssh-rsa AAAAB3NzaC1yc2EAAAADAQABAAABAQDIdqU5WhOVGMSK0+X8ljaQB2vi3TVD34kzzKTdrfU4q/BDlB87BfIcW37gMgtMVCjm1reJkTPi4+wRiwyeATKI/jdt2k4SsYyhVOR26pJDSys1WRFWjrGHzlO5KKeUiSYFEbfgNI1lvyPxCfHrscwVk/2MNqSl4Rt2luZPP2bSE1fWgy2n2yptfDMddbxJ9V+DW3Uiv46FLUreODv4fzo9ucuPYKQtX+CWyKEGK0dNuUVaK2Ub2IvCj5+x+fYhGafQBMslw4s4F7v4n0cv5z1h7g0RO7nPpnlRcolLM1ofG4dme14EhtKxW0/bVMUMy6N0MVdWWo1r2d4Wv1RkeY0b ec2-user@ip-172-31-29-8.ec2.internal",
            "tags": {},
            "tags_all": {}
          },
          "sensitive_attributes": [],
          "private": "eyJzY2hlbWFfdmVyc2lvbiI6IjEifQ=="
        }
      ]
    },
    {
      "mode": "managed",
      "type": "aws_security_group",
      "name": "vm_security_group",
      "provider": "provider[\"registry.terraform.io/hashicorp/aws\"]",
      "instances": [
        {
          "schema_version": 1,
          "attributes": {
            "arn": "arn:aws:ec2:us-east-1:587312347089:security-group/sg-0d76c05db373743b0",
            "description": "Managed by Terraform",
            "egress": [
              {
                "cidr_blocks": [
                  "0.0.0.0/0"
                ],
                "description": "",
                "from_port": 0,
                "ipv6_cidr_blocks": [],
                "prefix_list_ids": [],
                "protocol": "-1",
                "security_groups": [],
                "self": false,
                "to_port": 0
              }
            ],
            "id": "sg-0d76c05db373743b0",
            "ingress": [
              {
                "cidr_blocks": [
                  "0.0.0.0/0"
                ],
                "description": "",
                "from_port": 22,
                "ipv6_cidr_blocks": [],
                "prefix_list_ids": [],
                "protocol": "tcp",
                "security_groups": [],
                "self": false,
                "to_port": 22
              },
              {
                "cidr_blocks": [
                  "0.0.0.0/0"
                ],
                "description": "",
                "from_port": 8081,
                "ipv6_cidr_blocks": [],
                "prefix_list_ids": [],
                "protocol": "tcp",
                "security_groups": [],
                "self": false,
                "to_port": 8081
              },
              {
                "cidr_blocks": [
                  "0.0.0.0/0"
                ],
                "description": "",
                "from_port": 8082,
                "ipv6_cidr_blocks": [],
                "prefix_list_ids": [],
                "protocol": "tcp",
                "security_groups": [],
                "self": false,
                "to_port": 8082
              },
              {
                "cidr_blocks": [
                  "0.0.0.0/0"
                ],
                "description": "",
                "from_port": 8083,
                "ipv6_cidr_blocks": [],
                "prefix_list_ids": [],
                "protocol": "tcp",
                "security_groups": [],
                "self": false,
                "to_port": 8083
              },
              {
                "cidr_blocks": [
                  "0.0.0.0/0"
                ],
                "description": "",
                "from_port": 80,
                "ipv6_cidr_blocks": [],
                "prefix_list_ids": [],
                "protocol": "tcp",
                "security_groups": [],
                "self": false,
                "to_port": 80
              }
            ],
            "name": "terraform-20230204161017392100000001",
            "name_prefix": "terraform-",
            "owner_id": "587312347089",
            "revoke_rules_on_delete": false,
            "tags": {
              "Name": "only_ssh_Http_vms"
            },
            "tags_all": {
              "Name": "only_ssh_Http_vms"
            },
            "timeouts": null,
            "vpc_id": "vpc-0baf801960c51dc4e"
          },
          "sensitive_attributes": [],
          "private": "eyJlMmJmYjczMC1lY2FhLTExZTYtOGY4OC0zNDM2M2JjN2M0YzAiOnsiY3JlYXRlIjo2MDAwMDAwMDAwMDAsImRlbGV0ZSI6OTAwMDAwMDAwMDAwfSwic2NoZW1hX3ZlcnNpb24iOiIxIn0=",
          "dependencies": [
            "aws_vpc.aws_vpc_name"
          ]
        }
      ]
    },
    {
      "mode": "managed",
      "type": "aws_subnet",
      "name": "aws_subnet_block",
      "provider": "provider[\"registry.terraform.io/hashicorp/aws\"]",
      "instances": [
        {
          "schema_version": 1,
          "attributes": {
            "arn": "arn:aws:ec2:us-east-1:587312347089:subnet/subnet-0159d502e3bd59a98",
            "assign_ipv6_address_on_creation": false,
            "availability_zone": "us-east-1b",
            "availability_zone_id": "use1-az4",
            "cidr_block": "10.1.1.0/24",
            "customer_owned_ipv4_pool": "",
            "enable_dns64": false,
            "enable_resource_name_dns_a_record_on_launch": false,
            "enable_resource_name_dns_aaaa_record_on_launch": false,
            "id": "subnet-0159d502e3bd59a98",
            "ipv6_cidr_block": "",
            "ipv6_cidr_block_association_id": "",
            "ipv6_native": false,
            "map_customer_owned_ip_on_launch": false,
            "map_public_ip_on_launch": true,
            "outpost_arn": "",
            "owner_id": "587312347089",
            "private_dns_hostname_type_on_launch": "ip-name",
            "tags": {
              "Name": "nonprod-sub"
            },
            "tags_all": {
              "Name": "nonprod-sub"
            },
            "timeouts": null,
            "vpc_id": "vpc-0baf801960c51dc4e"
          },
          "sensitive_attributes": [],
          "private": "eyJlMmJmYjczMC1lY2FhLTExZTYtOGY4OC0zNDM2M2JjN2M0YzAiOnsiY3JlYXRlIjo2MDAwMDAwMDAwMDAsImRlbGV0ZSI6MTIwMDAwMDAwMDAwMH0sInNjaGVtYV92ZXJzaW9uIjoiMSJ9",
          "dependencies": [
            "aws_vpc.aws_vpc_name"
          ]
        }
      ]
    },
    {
      "mode": "managed",
      "type": "aws_vpc",
      "name": "aws_vpc_name",
      "provider": "provider[\"registry.terraform.io/hashicorp/aws\"]",
      "instances": [
        {
          "schema_version": 1,
          "attributes": {
            "arn": "arn:aws:ec2:us-east-1:587312347089:vpc/vpc-0baf801960c51dc4e",
            "assign_generated_ipv6_cidr_block": false,
            "cidr_block": "10.1.0.0/16",
            "default_network_acl_id": "acl-03ececf0d0f11d9d4",
            "default_route_table_id": "rtb-0119ee98ff98eee15",
            "default_security_group_id": "sg-04f00068a5eebc5f9",
            "dhcp_options_id": "dopt-09c3f7d5db16d1836",
            "enable_classiclink": false,
            "enable_classiclink_dns_support": false,
            "enable_dns_hostnames": true,
            "enable_dns_support": true,
            "enable_network_address_usage_metrics": false,
            "id": "vpc-0baf801960c51dc4e",
            "instance_tenancy": "default",
            "ipv4_ipam_pool_id": null,
            "ipv4_netmask_length": null,
            "ipv6_association_id": "",
            "ipv6_cidr_block": "",
            "ipv6_cidr_block_network_border_group": "",
            "ipv6_ipam_pool_id": "",
            "ipv6_netmask_length": 0,
            "main_route_table_id": "rtb-0119ee98ff98eee15",
            "owner_id": "587312347089",
            "tags": {
              "Name": "vpc-nonprod"
            },
            "tags_all": {
              "Name": "vpc-nonprod"
            }
          },
          "sensitive_attributes": [],
          "private": "eyJzY2hlbWFfdmVyc2lvbiI6IjEifQ=="
        }
      ]
    }
  ],
  "check_results": null
}
